// !$*UTF8*$!
{
	archiveVersion = 1;
	classes = {
	};
	objectVersion = 46;
	objects = {

/* Begin PBXBuildFile section */
		40EDE44C1C9B9EF0003A4C2A /* main.m in Sources */ = {isa = PBXBuildFile; fileRef = 40EDE44B1C9B9EF0003A4C2A /* main.m */; };
		40EDE44F1C9B9EF0003A4C2A /* AppDelegate.m in Sources */ = {isa = PBXBuildFile; fileRef = 40EDE44E1C9B9EF0003A4C2A /* AppDelegate.m */; };
		40EDE4521C9B9EF0003A4C2A /* ViewController.m in Sources */ = {isa = PBXBuildFile; fileRef = 40EDE4511C9B9EF0003A4C2A /* ViewController.m */; };
		40EDE4551C9B9EF0003A4C2A /* Main.storyboard in Resources */ = {isa = PBXBuildFile; fileRef = 40EDE4531C9B9EF0003A4C2A /* Main.storyboard */; };
		40EDE4571C9B9EF0003A4C2A /* Assets.xcassets in Resources */ = {isa = PBXBuildFile; fileRef = 40EDE4561C9B9EF0003A4C2A /* Assets.xcassets */; };
		40EDE45A1C9B9EF0003A4C2A /* LaunchScreen.storyboard in Resources */ = {isa = PBXBuildFile; fileRef = 40EDE4581C9B9EF0003A4C2A /* LaunchScreen.storyboard */; };
		40EDE4651C9B9EF0003A4C2A /* tagButtonTests.m in Sources */ = {isa = PBXBuildFile; fileRef = 40EDE4641C9B9EF0003A4C2A /* tagButtonTests.m */; };
		40EDE4701C9B9EF0003A4C2A /* tagButtonUITests.m in Sources */ = {isa = PBXBuildFile; fileRef = 40EDE46F1C9B9EF0003A4C2A /* tagButtonUITests.m */; };
		40EDE4841C9B9F86003A4C2A /* WKTagButtonTextField.m in Sources */ = {isa = PBXBuildFile; fileRef = 40EDE4831C9B9F86003A4C2A /* WKTagButtonTextField.m */; };
		40EDE4871C9BA026003A4C2A /* WKTagEdtingView.m in Sources */ = {isa = PBXBuildFile; fileRef = 40EDE4861C9BA026003A4C2A /* WKTagEdtingView.m */; };
		40EDE48A1C9BB164003A4C2A /* WKCollectionViewFlowLayout.m in Sources */ = {isa = PBXBuildFile; fileRef = 40EDE4891C9BB164003A4C2A /* WKCollectionViewFlowLayout.m */; };
		40EDE48D1C9BBF9E003A4C2A /* WKTagCollectionViewCell.m in Sources */ = {isa = PBXBuildFile; fileRef = 40EDE48C1C9BBF9E003A4C2A /* WKTagCollectionViewCell.m */; };
		40EDE4901C9BC044003A4C2A /* WKTagListView.m in Sources */ = {isa = PBXBuildFile; fileRef = 40EDE48F1C9BC044003A4C2A /* WKTagListView.m */; };
/* End PBXBuildFile section */

/* Begin PBXContainerItemProxy section */
		40EDE4611C9B9EF0003A4C2A /* PBXContainerItemProxy */ = {
			isa = PBXContainerItemProxy;
			containerPortal = 40EDE43F1C9B9EF0003A4C2A /* Project object */;
			proxyType = 1;
			remoteGlobalIDString = 40EDE4461C9B9EF0003A4C2A;
			remoteInfo = tagButton;
		};
		40EDE46C1C9B9EF0003A4C2A /* PBXContainerItemProxy */ = {
			isa = PBXContainerItemProxy;
			containerPortal = 40EDE43F1C9B9EF0003A4C2A /* Project object */;
			proxyType = 1;
			remoteGlobalIDString = 40EDE4461C9B9EF0003A4C2A;
			remoteInfo = tagButton;
		};
/* End PBXContainerItemProxy section */

/* Begin PBXFileReference section */
		40EDE4471C9B9EF0003A4C2A /* tagButton.app */ = {isa = PBXFileReference; explicitFileType = wrapper.application; includeInIndex = 0; path = tagButton.app; sourceTree = BUILT_PRODUCTS_DIR; };
		40EDE44B1C9B9EF0003A4C2A /* main.m */ = {isa = PBXFileReference; lastKnownFileType = sourcecode.c.objc; path = main.m; sourceTree = "<group>"; };
		40EDE44D1C9B9EF0003A4C2A /* AppDelegate.h */ = {isa = PBXFileReference; lastKnownFileType = sourcecode.c.h; path = AppDelegate.h; sourceTree = "<group>"; };
		40EDE44E1C9B9EF0003A4C2A /* AppDelegate.m */ = {isa = PBXFileReference; lastKnownFileType = sourcecode.c.objc; path = AppDelegate.m; sourceTree = "<group>"; };
		40EDE4501C9B9EF0003A4C2A /* ViewController.h */ = {isa = PBXFileReference; lastKnownFileType = sourcecode.c.h; path = ViewController.h; sourceTree = "<group>"; };
		40EDE4511C9B9EF0003A4C2A /* ViewController.m */ = {isa = PBXFileReference; lastKnownFileType = sourcecode.c.objc; path = ViewController.m; sourceTree = "<group>"; };
		40EDE4541C9B9EF0003A4C2A /* Base */ = {isa = PBXFileReference; lastKnownFileType = file.storyboard; name = Base; path = Base.lproj/Main.storyboard; sourceTree = "<group>"; };
		40EDE4561C9B9EF0003A4C2A /* Assets.xcassets */ = {isa = PBXFileReference; lastKnownFileType = folder.assetcatalog; path = Assets.xcassets; sourceTree = "<group>"; };
		40EDE4591C9B9EF0003A4C2A /* Base */ = {isa = PBXFileReference; lastKnownFileType = file.storyboard; name = Base; path = Base.lproj/LaunchScreen.storyboard; sourceTree = "<group>"; };
		40EDE45B1C9B9EF0003A4C2A /* Info.plist */ = {isa = PBXFileReference; lastKnownFileType = text.plist.xml; path = Info.plist; sourceTree = "<group>"; };
		40EDE4601C9B9EF0003A4C2A /* tagButtonTests.xctest */ = {isa = PBXFileReference; explicitFileType = wrapper.cfbundle; includeInIndex = 0; path = tagButtonTests.xctest; sourceTree = BUILT_PRODUCTS_DIR; };
		40EDE4641C9B9EF0003A4C2A /* tagButtonTests.m */ = {isa = PBXFileReference; lastKnownFileType = sourcecode.c.objc; path = tagButtonTests.m; sourceTree = "<group>"; };
		40EDE4661C9B9EF0003A4C2A /* Info.plist */ = {isa = PBXFileReference; lastKnownFileType = text.plist.xml; path = Info.plist; sourceTree = "<group>"; };
		40EDE46B1C9B9EF0003A4C2A /* tagButtonUITests.xctest */ = {isa = PBXFileReference; explicitFileType = wrapper.cfbundle; includeInIndex = 0; path = tagButtonUITests.xctest; sourceTree = BUILT_PRODUCTS_DIR; };
		40EDE46F1C9B9EF0003A4C2A /* tagButtonUITests.m */ = {isa = PBXFileReference; lastKnownFileType = sourcecode.c.objc; path = tagButtonUITests.m; sourceTree = "<group>"; };
		40EDE4711C9B9EF0003A4C2A /* Info.plist */ = {isa = PBXFileReference; lastKnownFileType = text.plist.xml; path = Info.plist; sourceTree = "<group>"; };
		40EDE4821C9B9F86003A4C2A /* WKTagButtonTextField.h */ = {isa = PBXFileReference; fileEncoding = 4; lastKnownFileType = sourcecode.c.h; path = WKTagButtonTextField.h; sourceTree = "<group>"; };
		40EDE4831C9B9F86003A4C2A /* WKTagButtonTextField.m */ = {isa = PBXFileReference; fileEncoding = 4; lastKnownFileType = sourcecode.c.objc; path = WKTagButtonTextField.m; sourceTree = "<group>"; };
		40EDE4851C9BA026003A4C2A /* WKTagEdtingView.h */ = {isa = PBXFileReference; fileEncoding = 4; lastKnownFileType = sourcecode.c.h; path = WKTagEdtingView.h; sourceTree = "<group>"; };
		40EDE4861C9BA026003A4C2A /* WKTagEdtingView.m */ = {isa = PBXFileReference; fileEncoding = 4; lastKnownFileType = sourcecode.c.objc; path = WKTagEdtingView.m; sourceTree = "<group>"; };
		40EDE4881C9BB164003A4C2A /* WKCollectionViewFlowLayout.h */ = {isa = PBXFileReference; fileEncoding = 4; lastKnownFileType = sourcecode.c.h; path = WKCollectionViewFlowLayout.h; sourceTree = "<group>"; };
		40EDE4891C9BB164003A4C2A /* WKCollectionViewFlowLayout.m */ = {isa = PBXFileReference; fileEncoding = 4; lastKnownFileType = sourcecode.c.objc; path = WKCollectionViewFlowLayout.m; sourceTree = "<group>"; };
		40EDE48B1C9BBF9E003A4C2A /* WKTagCollectionViewCell.h */ = {isa = PBXFileReference; fileEncoding = 4; lastKnownFileType = sourcecode.c.h; path = WKTagCollectionViewCell.h; sourceTree = "<group>"; };
		40EDE48C1C9BBF9E003A4C2A /* WKTagCollectionViewCell.m */ = {isa = PBXFileReference; fileEncoding = 4; lastKnownFileType = sourcecode.c.objc; path = WKTagCollectionViewCell.m; sourceTree = "<group>"; };
		40EDE48E1C9BC044003A4C2A /* WKTagListView.h */ = {isa = PBXFileReference; fileEncoding = 4; lastKnownFileType = sourcecode.c.h; path = WKTagListView.h; sourceTree = "<group>"; };
		40EDE48F1C9BC044003A4C2A /* WKTagListView.m */ = {isa = PBXFileReference; fileEncoding = 4; lastKnownFileType = sourcecode.c.objc; path = WKTagListView.m; sourceTree = "<group>"; };
/* End PBXFileReference section */

/* Begin PBXFrameworksBuildPhase section */
		40EDE4441C9B9EF0003A4C2A /* Frameworks */ = {
			isa = PBXFrameworksBuildPhase;
			buildActionMask = 2147483647;
			files = (
			);
			runOnlyForDeploymentPostprocessing = 0;
		};
		40EDE45D1C9B9EF0003A4C2A /* Frameworks */ = {
			isa = PBXFrameworksBuildPhase;
			buildActionMask = 2147483647;
			files = (
			);
			runOnlyForDeploymentPostprocessing = 0;
		};
		40EDE4681C9B9EF0003A4C2A /* Frameworks */ = {
			isa = PBXFrameworksBuildPhase;
			buildActionMask = 2147483647;
			files = (
			);
			runOnlyForDeploymentPostprocessing = 0;
		};
/* End PBXFrameworksBuildPhase section */

/* Begin PBXGroup section */
		40EDE43E1C9B9EF0003A4C2A = {
			isa = PBXGroup;
			children = (
				40EDE4491C9B9EF0003A4C2A /* tagButton */,
				40EDE4631C9B9EF0003A4C2A /* tagButtonTests */,
				40EDE46E1C9B9EF0003A4C2A /* tagButtonUITests */,
				40EDE4481C9B9EF0003A4C2A /* Products */,
			);
			sourceTree = "<group>";
		};
		40EDE4481C9B9EF0003A4C2A /* Products */ = {
			isa = PBXGroup;
			children = (
				40EDE4471C9B9EF0003A4C2A /* tagButton.app */,
				40EDE4601C9B9EF0003A4C2A /* tagButtonTests.xctest */,
				40EDE46B1C9B9EF0003A4C2A /* tagButtonUITests.xctest */,
			);
			name = Products;
			sourceTree = "<group>";
		};
		40EDE4491C9B9EF0003A4C2A /* tagButton */ = {
			isa = PBXGroup;
			children = (
				40EDE4811C9B9F6B003A4C2A /* tagButtons */,
				40EDE44D1C9B9EF0003A4C2A /* AppDelegate.h */,
				40EDE44E1C9B9EF0003A4C2A /* AppDelegate.m */,
				40EDE4501C9B9EF0003A4C2A /* ViewController.h */,
				40EDE4511C9B9EF0003A4C2A /* ViewController.m */,
				40EDE4531C9B9EF0003A4C2A /* Main.storyboard */,
				40EDE4561C9B9EF0003A4C2A /* Assets.xcassets */,
				40EDE4581C9B9EF0003A4C2A /* LaunchScreen.storyboard */,
				40EDE45B1C9B9EF0003A4C2A /* Info.plist */,
				40EDE44A1C9B9EF0003A4C2A /* Supporting Files */,
			);
			path = tagButton;
			sourceTree = "<group>";
		};
		40EDE44A1C9B9EF0003A4C2A /* Supporting Files */ = {
			isa = PBXGroup;
			children = (
				40EDE44B1C9B9EF0003A4C2A /* main.m */,
			);
			name = "Supporting Files";
			sourceTree = "<group>";
		};
		40EDE4631C9B9EF0003A4C2A /* tagButtonTests */ = {
			isa = PBXGroup;
			children = (
				40EDE4641C9B9EF0003A4C2A /* tagButtonTests.m */,
				40EDE4661C9B9EF0003A4C2A /* Info.plist */,
			);
			path = tagButtonTests;
			sourceTree = "<group>";
		};
		40EDE46E1C9B9EF0003A4C2A /* tagButtonUITests */ = {
			isa = PBXGroup;
			children = (
				40EDE46F1C9B9EF0003A4C2A /* tagButtonUITests.m */,
				40EDE4711C9B9EF0003A4C2A /* Info.plist */,
			);
			path = tagButtonUITests;
			sourceTree = "<group>";
		};
		40EDE4811C9B9F6B003A4C2A /* tagButtons */ = {
			isa = PBXGroup;
			children = (
				40EDE4821C9B9F86003A4C2A /* WKTagButtonTextField.h */,
				40EDE4831C9B9F86003A4C2A /* WKTagButtonTextField.m */,
				40EDE4851C9BA026003A4C2A /* WKTagEdtingView.h */,
				40EDE4861C9BA026003A4C2A /* WKTagEdtingView.m */,
				40EDE4881C9BB164003A4C2A /* WKCollectionViewFlowLayout.h */,
				40EDE4891C9BB164003A4C2A /* WKCollectionViewFlowLayout.m */,
				40EDE48B1C9BBF9E003A4C2A /* WKTagCollectionViewCell.h */,
				40EDE48C1C9BBF9E003A4C2A /* WKTagCollectionViewCell.m */,
				40EDE48E1C9BC044003A4C2A /* WKTagListView.h */,
				40EDE48F1C9BC044003A4C2A /* WKTagListView.m */,
			);
			path = tagButtons;
			sourceTree = "<group>";
		};
/* End PBXGroup section */

/* Begin PBXNativeTarget section */
		40EDE4461C9B9EF0003A4C2A /* tagButton */ = {
			isa = PBXNativeTarget;
			buildConfigurationList = 40EDE4741C9B9EF0003A4C2A /* Build configuration list for PBXNativeTarget "tagButton" */;
			buildPhases = (
				40EDE4431C9B9EF0003A4C2A /* Sources */,
				40EDE4441C9B9EF0003A4C2A /* Frameworks */,
				40EDE4451C9B9EF0003A4C2A /* Resources */,
			);
			buildRules = (
			);
			dependencies = (
			);
			name = tagButton;
			productName = tagButton;
			productReference = 40EDE4471C9B9EF0003A4C2A /* tagButton.app */;
			productType = "com.apple.product-type.application";
		};
		40EDE45F1C9B9EF0003A4C2A /* tagButtonTests */ = {
			isa = PBXNativeTarget;
			buildConfigurationList = 40EDE4771C9B9EF0003A4C2A /* Build configuration list for PBXNativeTarget "tagButtonTests" */;
			buildPhases = (
				40EDE45C1C9B9EF0003A4C2A /* Sources */,
				40EDE45D1C9B9EF0003A4C2A /* Frameworks */,
				40EDE45E1C9B9EF0003A4C2A /* Resources */,
			);
			buildRules = (
			);
			dependencies = (
				40EDE4621C9B9EF0003A4C2A /* PBXTargetDependency */,
			);
			name = tagButtonTests;
			productName = tagButtonTests;
			productReference = 40EDE4601C9B9EF0003A4C2A /* tagButtonTests.xctest */;
			productType = "com.apple.product-type.bundle.unit-test";
		};
		40EDE46A1C9B9EF0003A4C2A /* tagButtonUITests */ = {
			isa = PBXNativeTarget;
			buildConfigurationList = 40EDE47A1C9B9EF0003A4C2A /* Build configuration list for PBXNativeTarget "tagButtonUITests" */;
			buildPhases = (
				40EDE4671C9B9EF0003A4C2A /* Sources */,
				40EDE4681C9B9EF0003A4C2A /* Frameworks */,
				40EDE4691C9B9EF0003A4C2A /* Resources */,
			);
			buildRules = (
			);
			dependencies = (
				40EDE46D1C9B9EF0003A4C2A /* PBXTargetDependency */,
			);
			name = tagButtonUITests;
			productName = tagButtonUITests;
			productReference = 40EDE46B1C9B9EF0003A4C2A /* tagButtonUITests.xctest */;
			productType = "com.apple.product-type.bundle.ui-testing";
		};
/* End PBXNativeTarget section */

/* Begin PBXProject section */
		40EDE43F1C9B9EF0003A4C2A /* Project object */ = {
			isa = PBXProject;
			attributes = {
				LastUpgradeCheck = 0720;
				ORGANIZATIONNAME = developer_k;
				TargetAttributes = {
					40EDE4461C9B9EF0003A4C2A = {
						CreatedOnToolsVersion = 7.2.1;
					};
					40EDE45F1C9B9EF0003A4C2A = {
						CreatedOnToolsVersion = 7.2.1;
						TestTargetID = 40EDE4461C9B9EF0003A4C2A;
					};
					40EDE46A1C9B9EF0003A4C2A = {
						CreatedOnToolsVersion = 7.2.1;
						TestTargetID = 40EDE4461C9B9EF0003A4C2A;
					};
				};
			};
			buildConfigurationList = 40EDE4421C9B9EF0003A4C2A /* Build configuration list for PBXProject "tagButton" */;
			compatibilityVersion = "Xcode 3.2";
			developmentRegion = English;
			hasScannedForEncodings = 0;
			knownRegions = (
				en,
				Base,
			);
			mainGroup = 40EDE43E1C9B9EF0003A4C2A;
			productRefGroup = 40EDE4481C9B9EF0003A4C2A /* Products */;
			projectDirPath = "";
			projectRoot = "";
			targets = (
				40EDE4461C9B9EF0003A4C2A /* tagButton */,
				40EDE45F1C9B9EF0003A4C2A /* tagButtonTests */,
				40EDE46A1C9B9EF0003A4C2A /* tagButtonUITests */,
			);
		};
/* End PBXProject section */

/* Begin PBXResourcesBuildPhase section */
		40EDE4451C9B9EF0003A4C2A /* Resources */ = {
			isa = PBXResourcesBuildPhase;
			buildActionMask = 2147483647;
			files = (
				40EDE45A1C9B9EF0003A4C2A /* LaunchScreen.storyboard in Resources */,
				40EDE4571C9B9EF0003A4C2A /* Assets.xcassets in Resources */,
				40EDE4551C9B9EF0003A4C2A /* Main.storyboard in Resources */,
			);
			runOnlyForDeploymentPostprocessing = 0;
		};
		40EDE45E1C9B9EF0003A4C2A /* Resources */ = {
			isa = PBXResourcesBuildPhase;
			buildActionMask = 2147483647;
			files = (
			);
			runOnlyForDeploymentPostprocessing = 0;
		};
		40EDE4691C9B9EF0003A4C2A /* Resources */ = {
			isa = PBXResourcesBuildPhase;
			buildActionMask = 2147483647;
			files = (
			);
			runOnlyForDeploymentPostprocessing = 0;
		};
/* End PBXResourcesBuildPhase section */

/* Begin PBXSourcesBuildPhase section */
		40EDE4431C9B9EF0003A4C2A /* Sources */ = {
			isa = PBXSourcesBuildPhase;
			buildActionMask = 2147483647;
			files = (
				40EDE4871C9BA026003A4C2A /* WKTagEdtingView.m in Sources */,
				40EDE4841C9B9F86003A4C2A /* WKTagButtonTextField.m in Sources */,
				40EDE4521C9B9EF0003A4C2A /* ViewController.m in Sources */,
				40EDE44F1C9B9EF0003A4C2A /* AppDelegate.m in Sources */,
				40EDE48D1C9BBF9E003A4C2A /* WKTagCollectionViewCell.m in Sources */,
				40EDE48A1C9BB164003A4C2A /* WKCollectionViewFlowLayout.m in Sources */,
				40EDE44C1C9B9EF0003A4C2A /* main.m in Sources */,
				40EDE4901C9BC044003A4C2A /* WKTagListView.m in Sources */,
			);
			runOnlyForDeploymentPostprocessing = 0;
		};
		40EDE45C1C9B9EF0003A4C2A /* Sources */ = {
			isa = PBXSourcesBuildPhase;
			buildActionMask = 2147483647;
			files = (
				40EDE4651C9B9EF0003A4C2A /* tagButtonTests.m in Sources */,
			);
			runOnlyForDeploymentPostprocessing = 0;
		};
		40EDE4671C9B9EF0003A4C2A /* Sources */ = {
			isa = PBXSourcesBuildPhase;
			buildActionMask = 2147483647;
			files = (
				40EDE4701C9B9EF0003A4C2A /* tagButtonUITests.m in Sources */,
			);
			runOnlyForDeploymentPostprocessing = 0;
		};
/* End PBXSourcesBuildPhase section */

/* Begin PBXTargetDependency section */
		40EDE4621C9B9EF0003A4C2A /* PBXTargetDependency */ = {
			isa = PBXTargetDependency;
			target = 40EDE4461C9B9EF0003A4C2A /* tagButton */;
			targetProxy = 40EDE4611C9B9EF0003A4C2A /* PBXContainerItemProxy */;
		};
		40EDE46D1C9B9EF0003A4C2A /* PBXTargetDependency */ = {
			isa = PBXTargetDependency;
			target = 40EDE4461C9B9EF0003A4C2A /* tagButton */;
			targetProxy = 40EDE46C1C9B9EF0003A4C2A /* PBXContainerItemProxy */;
		};
/* End PBXTargetDependency section */

/* Begin PBXVariantGroup section */
		40EDE4531C9B9EF0003A4C2A /* Main.storyboard */ = {
			isa = PBXVariantGroup;
			children = (
				40EDE4541C9B9EF0003A4C2A /* Base */,
			);
			name = Main.storyboard;
			sourceTree = "<group>";
		};
		40EDE4581C9B9EF0003A4C2A /* LaunchScreen.storyboard */ = {
			isa = PBXVariantGroup;
			children = (
				40EDE4591C9B9EF0003A4C2A /* Base */,
			);
			name = LaunchScreen.storyboard;
			sourceTree = "<group>";
		};
/* End PBXVariantGroup section */

/* Begin XCBuildConfiguration section */
		40EDE4721C9B9EF0003A4C2A /* Debug */ = {
			isa = XCBuildConfiguration;
			buildSettings = {
				ALWAYS_SEARCH_USER_PATHS = NO;
				CLANG_CXX_LANGUAGE_STANDARD = "gnu++0x";
				CLANG_CXX_LIBRARY = "libc++";
				CLANG_ENABLE_MODULES = YES;
				CLANG_ENABLE_OBJC_ARC = YES;
				CLANG_WARN_BOOL_CONVERSION = YES;
				CLANG_WARN_CONSTANT_CONVERSION = YES;
				CLANG_WARN_DIRECT_OBJC_ISA_USAGE = YES_ERROR;
				CLANG_WARN_EMPTY_BODY = YES;
				CLANG_WARN_ENUM_CONVERSION = YES;
				CLANG_WARN_INT_CONVERSION = YES;
				CLANG_WARN_OBJC_ROOT_CLASS = YES_ERROR;
				CLANG_WARN_UNREACHABLE_CODE = YES;
				CLANG_WARN__DUPLICATE_METHOD_MATCH = YES;
				"CODE_SIGN_IDENTITY[sdk=iphoneos*]" = "iPhone Developer";
				COPY_PHASE_STRIP = NO;
				DEBUG_INFORMATION_FORMAT = dwarf;
				ENABLE_STRICT_OBJC_MSGSEND = YES;
				ENABLE_TESTABILITY = YES;
				GCC_C_LANGUAGE_STANDARD = gnu99;
				GCC_DYNAMIC_NO_PIC = NO;
				GCC_NO_COMMON_BLOCKS = YES;
				GCC_OPTIMIZATION_LEVEL = 0;
				GCC_PREPROCESSOR_DEFINITIONS = (
					"DEBUG=1",
					"$(inherited)",
				);
				GCC_WARN_64_TO_32_BIT_CONVERSION = YES;
				GCC_WARN_ABOUT_RETURN_TYPE = YES_ERROR;
				GCC_WARN_UNDECLARED_SELECTOR = YES;
				GCC_WARN_UNINITIALIZED_AUTOS = YES_AGGRESSIVE;
				GCC_WARN_UNUSED_FUNCTION = YES;
				GCC_WARN_UNUSED_VARIABLE = YES;
				IPHONEOS_DEPLOYMENT_TARGET = 9.2;
				MTL_ENABLE_DEBUG_INFO = YES;
				ONLY_ACTIVE_ARCH = YES;
				SDKROOT = iphoneos;
				TARGETED_DEVICE_FAMILY = "1,2";
			};
			name = Debug;
		};
		40EDE4731C9B9EF0003A4C2A /* Release */ = {
			isa = XCBuildConfiguration;
			buildSettings = {
				ALWAYS_SEARCH_USER_PATHS = NO;
				CLANG_CXX_LANGUAGE_STANDARD = "gnu++0x";
				CLANG_CXX_LIBRARY = "libc++";
				CLANG_ENABLE_MODULES = YES;
				CLANG_ENABLE_OBJC_ARC = YES;
				CLANG_WARN_BOOL_CONVERSION = YES;
				CLANG_WARN_CONSTANT_CONVERSION = YES;
				CLANG_WARN_DIRECT_OBJC_ISA_USAGE = YES_ERROR;
				CLANG_WARN_EMPTY_BODY = YES;
				CLANG_WARN_ENUM_CONVERSION = YES;
				CLANG_WARN_INT_CONVERSION = YES;
				CLANG_WARN_OBJC_ROOT_CLASS = YES_ERROR;
				CLANG_WARN_UNREACHABLE_CODE = YES;
				CLANG_WARN__DUPLICATE_METHOD_MATCH = YES;
				"CODE_SIGN_IDENTITY[sdk=iphoneos*]" = "iPhone Developer";
				COPY_PHASE_STRIP = NO;
				DEBUG_INFORMATION_FORMAT = "dwarf-with-dsym";
				ENABLE_NS_ASSERTIONS = NO;
				ENABLE_STRICT_OBJC_MSGSEND = YES;
				GCC_C_LANGUAGE_STANDARD = gnu99;
				GCC_NO_COMMON_BLOCKS = YES;
				GCC_WARN_64_TO_32_BIT_CONVERSION = YES;
				GCC_WARN_ABOUT_RETURN_TYPE = YES_ERROR;
				GCC_WARN_UNDECLARED_SELECTOR = YES;
				GCC_WARN_UNINITIALIZED_AUTOS = YES_AGGRESSIVE;
				GCC_WARN_UNUSED_FUNCTION = YES;
				GCC_WARN_UNUSED_VARIABLE = YES;
				IPHONEOS_DEPLOYMENT_TARGET = 9.2;
				MTL_ENABLE_DEBUG_INFO = NO;
				SDKROOT = iphoneos;
				TARGETED_DEVICE_FAMILY = "1,2";
				VALIDATE_PRODUCT = YES;
			};
			name = Release;
		};
		40EDE4751C9B9EF0003A4C2A /* Debug */ = {
			isa = XCBuildConfiguration;
			buildSettings = {
				ASSETCATALOG_COMPILER_APPICON_NAME = AppIcon;
				INFOPLIST_FILE = tagButton/Info.plist;
				LD_RUNPATH_SEARCH_PATHS = "$(inherited) @executable_path/Frameworks";
				PRODUCT_BUNDLE_IDENTIFIER = com.Vhall.www.tagButton;
				PRODUCT_NAME = "$(TARGET_NAME)";
			};
			name = Debug;
		};
		40EDE4761C9B9EF0003A4C2A /* Release */ = {
			isa = XCBuildConfiguration;
			buildSettings = {
				ASSETCATALOG_COMPILER_APPICON_NAME = AppIcon;
				INFOPLIST_FILE = tagButton/Info.plist;
				LD_RUNPATH_SEARCH_PATHS = "$(inherited) @executable_path/Frameworks";
				PRODUCT_BUNDLE_IDENTIFIER = com.Vhall.www.tagButton;
				PRODUCT_NAME = "$(TARGET_NAME)";
			};
			name = Release;
		};
		40EDE4781C9B9EF0003A4C2A /* Debug */ = {
			isa = XCBuildConfiguration;
			buildSettings = {
				BUNDLE_LOADER = "$(TEST_HOST)";
				INFOPLIST_FILE = tagButtonTests/Info.plist;
				LD_RUNPATH_SEARCH_PATHS = "$(inherited) @executable_path/Frameworks @loader_path/Frameworks";
				PRODUCT_BUNDLE_IDENTIFIER = com.Vhall.www.tagButtonTests;
				PRODUCT_NAME = "$(TARGET_NAME)";
				TEST_HOST = "$(BUILT_PRODUCTS_DIR)/tagButton.app/tagButton";
			};
			name = Debug;
		};
		40EDE4791C9B9EF0003A4C2A /* Release */ = {
			isa = XCBuildConfiguration;
			buildSettings = {
				BUNDLE_LOADER = "$(TEST_HOST)";
				INFOPLIST_FILE = tagButtonTests/Info.plist;
				LD_RUNPATH_SEARCH_PATHS = "$(inherited) @executable_path/Frameworks @loader_path/Frameworks";
				PRODUCT_BUNDLE_IDENTIFIER = com.Vhall.www.tagButtonTests;
				PRODUCT_NAME = "$(TARGET_NAME)";
				TEST_HOST = "$(BUILT_PRODUCTS_DIR)/tagButton.app/tagButton";
			};
			name = Release;
		};
		40EDE47B1C9B9EF0003A4C2A /* Debug */ = {
			isa = XCBuildConfiguration;
			buildSettings = {
				INFOPLIST_FILE = tagButtonUITests/Info.plist;
				LD_RUNPATH_SEARCH_PATHS = "$(inherited) @executable_path/Frameworks @loader_path/Frameworks";
				PRODUCT_BUNDLE_IDENTIFIER = com.Vhall.www.tagButtonUITests;
				PRODUCT_NAME = "$(TARGET_NAME)";
				TEST_TARGET_NAME = tagButton;
				USES_XCTRUNNER = YES;
			};
			name = Debug;
		};
		40EDE47C1C9B9EF0003A4C2A /* Release */ = {
			isa = XCBuildConfiguration;
			buildSettings = {
				INFOPLIST_FILE = tagButtonUITests/Info.plist;
				LD_RUNPATH_SEARCH_PATHS = "$(inherited) @executable_path/Frameworks @loader_path/Frameworks";
				PRODUCT_BUNDLE_IDENTIFIER = com.Vhall.www.tagButtonUITests;
				PRODUCT_NAME = "$(TARGET_NAME)";
				TEST_TARGET_NAME = tagButton;
				USES_XCTRUNNER = YES;
			};
			name = Release;
		};
/* End XCBuildConfiguration section */

/* Begin XCConfigurationList section */
		40EDE4421C9B9EF0003A4C2A /* Build configuration list for PBXProject "tagButton" */ = {
			isa = XCConfigurationList;
			buildConfigurations = (
				40EDE4721C9B9EF0003A4C2A /* Debug */,
				40EDE4731C9B9EF0003A4C2A /* Release */,
			);
			defaultConfigurationIsVisible = 0;
			defaultConfigurationName = Release;
		};
		40EDE4741C9B9EF0003A4C2A /* Build configuration list for PBXNativeTarget "tagButton" */ = {
			isa = XCConfigurationList;
			buildConfigurations = (
				40EDE4751C9B9EF0003A4C2A /* Debug */,
				40EDE4761C9B9EF0003A4C2A /* Release */,
			);
			defaultConfigurationIsVisible = 0;
		};
		40EDE4771C9B9EF0003A4C2A /* Build configuration list for PBXNativeTarget "tagButtonTests" */ = {
			isa = XCConfigurationList;
			buildConfigurations = (
				40EDE4781C9B9EF0003A4C2A /* Debug */,
				40EDE4791C9B9EF0003A4C2A /* Release */,
			);
			defaultConfigurationIsVisible = 0;
		};
		40EDE47A1C9B9EF0003A4C2A /* Build configuration list for PBXNativeTarget "tagButtonUITests" */ = {
			isa = XCConfigurationList;
			buildConfigurations = (
				40EDE47B1C9B9EF0003A4C2A /* Debug */,
				40EDE47C1C9B9EF0003A4C2A /* Release */,
			);
			defaultConfigurationIsVisible = 0;
		};
/* End XCConfigurationList section */
	};
	rootObject = 40EDE43F1C9B9EF0003A4C2A /* Project object */;
}
